
Microsoft Visual Studio Solution File, Format Version 12.00
# Visual Studio Version 16
VisualStudioVersion = 16.0.32802.440
MinimumVisualStudioVersion = 10.0.40219.1
Project("{FAE04EC0-301F-11D3-BF4B-00C04F79EFBC}") = "AoC22Day9_RopeBridge", "AoC22Day9_RopeBridge\AoC22Day9_RopeBridge.csproj", "{4E19817F-5B55-4DB5-8BA9-A5AF855FF5E1}"
EndProject
Global
	GlobalSection(SolutionConfigurationPlatforms) = preSolution
		Debug|Any CPU = Debug|Any CPU
		Release|Any CPU = Release|Any CPU
	EndGlobalSection
	GlobalSection(ProjectConfigurationPlatforms) = postSolution
		{4E19817F-5B55-4DB5-8BA9-A5AF855FF5E1}.Debug|Any CPU.ActiveCfg = Debug|Any CPU
		{4E19817F-5B55-4DB5-8BA9-A5AF855FF5E1}.Debug|Any CPU.Build.0 = Debug|Any CPU
		{4E19817F-5B55-4DB5-8BA9-A5AF855FF5E1}.Release|Any CPU.ActiveCfg = Release|Any CPU
		{4E19817F-5B55-4DB5-8BA9-A5AF855FF5E1}.Release|Any CPU.Build.0 = Release|Any CPU
	EndGlobalSection
	GlobalSection(SolutionProperties) = preSolution
		HideSolutionNode = FALSE
	EndGlobalSection
	GlobalSection(ExtensibilityGlobals) = postSolution
		SolutionGuid = {1AC206D7-15BC-46BF-AC3F-C29B49FD5559}
	EndGlobalSection
EndGlobal
