
Microsoft Visual Studio Solution File, Format Version 12.00
# Visual Studio Version 16
VisualStudioVersion = 16.0.32802.440
MinimumVisualStudioVersion = 10.0.40219.1
Project("{FAE04EC0-301F-11D3-BF4B-00C04F79EFBC}") = "AoC22Day12_HillClimbingAlgorithm", "AoC22Day12_HillClimbingAlgorithm\AoC22Day12_HillClimbingAlgorithm.csproj", "{AA8101EC-9ADD-4CB3-8580-C1EE5DCD8EBF}"
EndProject
Global
	GlobalSection(SolutionConfigurationPlatforms) = preSolution
		Debug|Any CPU = Debug|Any CPU
		Release|Any CPU = Release|Any CPU
	EndGlobalSection
	GlobalSection(ProjectConfigurationPlatforms) = postSolution
		{AA8101EC-9ADD-4CB3-8580-C1EE5DCD8EBF}.Debug|Any CPU.ActiveCfg = Debug|Any CPU
		{AA8101EC-9ADD-4CB3-8580-C1EE5DCD8EBF}.Debug|Any CPU.Build.0 = Debug|Any CPU
		{AA8101EC-9ADD-4CB3-8580-C1EE5DCD8EBF}.Release|Any CPU.ActiveCfg = Release|Any CPU
		{AA8101EC-9ADD-4CB3-8580-C1EE5DCD8EBF}.Release|Any CPU.Build.0 = Release|Any CPU
	EndGlobalSection
	GlobalSection(SolutionProperties) = preSolution
		HideSolutionNode = FALSE
	EndGlobalSection
	GlobalSection(ExtensibilityGlobals) = postSolution
		SolutionGuid = {593D45A9-A693-4F81-B7B4-1A869C8C593A}
	EndGlobalSection
EndGlobal
