
Microsoft Visual Studio Solution File, Format Version 12.00
# Visual Studio Version 16
VisualStudioVersion = 16.0.32802.440
MinimumVisualStudioVersion = 10.0.40219.1
Project("{FAE04EC0-301F-11D3-BF4B-00C04F79EFBC}") = "AoC22Day3_RucksacReorg", "AoC22Day3_RucksacReorg\AoC22Day3_RucksacReorg.csproj", "{0CF34E94-99D1-4441-A33F-ED3BC35C21F4}"
EndProject
Global
	GlobalSection(SolutionConfigurationPlatforms) = preSolution
		Debug|Any CPU = Debug|Any CPU
		Release|Any CPU = Release|Any CPU
	EndGlobalSection
	GlobalSection(ProjectConfigurationPlatforms) = postSolution
		{0CF34E94-99D1-4441-A33F-ED3BC35C21F4}.Debug|Any CPU.ActiveCfg = Debug|Any CPU
		{0CF34E94-99D1-4441-A33F-ED3BC35C21F4}.Debug|Any CPU.Build.0 = Debug|Any CPU
		{0CF34E94-99D1-4441-A33F-ED3BC35C21F4}.Release|Any CPU.ActiveCfg = Release|Any CPU
		{0CF34E94-99D1-4441-A33F-ED3BC35C21F4}.Release|Any CPU.Build.0 = Release|Any CPU
	EndGlobalSection
	GlobalSection(SolutionProperties) = preSolution
		HideSolutionNode = FALSE
	EndGlobalSection
	GlobalSection(ExtensibilityGlobals) = postSolution
		SolutionGuid = {04CB5C50-451E-45C5-8401-F527E5C03A48}
	EndGlobalSection
EndGlobal
